PODS:
  - AGConnectCore (1.3.0.200):
    - HMFoundation (~> 1.3.0)
  - HMFoundation (1.3.0.200)
  - lottie-ios (3.1.9)
  - ScanKitFrameWork (1.0.2.300)

DEPENDENCIES:
  - AGConnectCore
  - lottie-ios
  - ScanKitFrameWork

SPEC REPOS:
  trunk:
    - AGConnectCore
    - HMFoundation
    - lottie-ios
    - ScanKitFrameWork

SPEC CHECKSUMS:
  AGConnectCore: 68bac7c01568133d0ba120d780bb06687470236b
  HMFoundation: 832e776aca86e8334abb054adc4d19d5848931a2
  lottie-ios: 3a3758ef5a008e762faec9c9d50a39842f26d124
  ScanKitFrameWork: 0ad578f3db0ef9b64dd0f533d10d10a52ce93c80

PODFILE CHECKSUM: 56eb09a3eef27ba47abe4b184a01c7820945f3ab

COCOAPODS: 1.10.0
